
Microsoft Visual Studio Solution File, Format Version 12.00
# Visual Studio 14
VisualStudioVersion = 14.0.25123.0
MinimumVisualStudioVersion = 10.0.40219.1
Project("{FAE04EC0-301F-11D3-BF4B-00C04F79EFBC}") = "DynamicTest", "DynamicTest\DynamicTest.csproj", "{0D079497-CD58-4DDA-8AD6-872C7C405F67}"
EndProject
Project("{FAE04EC0-301F-11D3-BF4B-00C04F79EFBC}") = "Tests", "Tests\Tests.csproj", "{919821E3-4473-4AEB-9319-EEB03276A6E3}"
EndProject
Project("{FAE04EC0-301F-11D3-BF4B-00C04F79EFBC}") = "DynamicLibrary", "DynamicLibrary\DynamicLibrary.csproj", "{13157E8A-5549-4CE3-B487-FEE5E989C922}"
EndProject
Project("{FAE04EC0-301F-11D3-BF4B-00C04F79EFBC}") = "Client", "Client\Client.csproj", "{43E86F8D-7C81-4ECE-B8F1-7AD4DD6CBF76}"
EndProject
Global
	GlobalSection(SolutionConfigurationPlatforms) = preSolution
		Debug|Any CPU = Debug|Any CPU
		Debug|x64 = Debug|x64
		Release|Any CPU = Release|Any CPU
		Release|x64 = Release|x64
		RemoteDebug|Any CPU = RemoteDebug|Any CPU
		RemoteDebug|x64 = RemoteDebug|x64
	EndGlobalSection
	GlobalSection(ProjectConfigurationPlatforms) = postSolution
		{0D079497-CD58-4DDA-8AD6-872C7C405F67}.Debug|Any CPU.ActiveCfg = Debug|Any CPU
		{0D079497-CD58-4DDA-8AD6-872C7C405F67}.Debug|Any CPU.Build.0 = Debug|Any CPU
		{0D079497-CD58-4DDA-8AD6-872C7C405F67}.Debug|x64.ActiveCfg = Debug|x64
		{0D079497-CD58-4DDA-8AD6-872C7C405F67}.Debug|x64.Build.0 = Debug|x64
		{0D079497-CD58-4DDA-8AD6-872C7C405F67}.Release|Any CPU.ActiveCfg = Release|Any CPU
		{0D079497-CD58-4DDA-8AD6-872C7C405F67}.Release|Any CPU.Build.0 = Release|Any CPU
		{0D079497-CD58-4DDA-8AD6-872C7C405F67}.Release|x64.ActiveCfg = Release|x64
		{0D079497-CD58-4DDA-8AD6-872C7C405F67}.Release|x64.Build.0 = Release|x64
		{0D079497-CD58-4DDA-8AD6-872C7C405F67}.RemoteDebug|Any CPU.ActiveCfg = Debug|Any CPU
		{0D079497-CD58-4DDA-8AD6-872C7C405F67}.RemoteDebug|Any CPU.Build.0 = Debug|Any CPU
		{0D079497-CD58-4DDA-8AD6-872C7C405F67}.RemoteDebug|x64.ActiveCfg = Debug|x64
		{0D079497-CD58-4DDA-8AD6-872C7C405F67}.RemoteDebug|x64.Build.0 = Debug|x64
		{919821E3-4473-4AEB-9319-EEB03276A6E3}.Debug|Any CPU.ActiveCfg = Debug|Any CPU
		{919821E3-4473-4AEB-9319-EEB03276A6E3}.Debug|Any CPU.Build.0 = Debug|Any CPU
		{919821E3-4473-4AEB-9319-EEB03276A6E3}.Debug|x64.ActiveCfg = Debug|Any CPU
		{919821E3-4473-4AEB-9319-EEB03276A6E3}.Debug|x64.Build.0 = Debug|Any CPU
		{919821E3-4473-4AEB-9319-EEB03276A6E3}.Release|Any CPU.ActiveCfg = Release|Any CPU
		{919821E3-4473-4AEB-9319-EEB03276A6E3}.Release|Any CPU.Build.0 = Release|Any CPU
		{919821E3-4473-4AEB-9319-EEB03276A6E3}.Release|x64.ActiveCfg = Release|Any CPU
		{919821E3-4473-4AEB-9319-EEB03276A6E3}.Release|x64.Build.0 = Release|Any CPU
		{919821E3-4473-4AEB-9319-EEB03276A6E3}.RemoteDebug|Any CPU.ActiveCfg = Debug|Any CPU
		{919821E3-4473-4AEB-9319-EEB03276A6E3}.RemoteDebug|Any CPU.Build.0 = Debug|Any CPU
		{919821E3-4473-4AEB-9319-EEB03276A6E3}.RemoteDebug|x64.ActiveCfg = Debug|Any CPU
		{919821E3-4473-4AEB-9319-EEB03276A6E3}.RemoteDebug|x64.Build.0 = Debug|Any CPU
		{13157E8A-5549-4CE3-B487-FEE5E989C922}.Debug|Any CPU.ActiveCfg = Debug|Any CPU
		{13157E8A-5549-4CE3-B487-FEE5E989C922}.Debug|Any CPU.Build.0 = Debug|Any CPU
		{13157E8A-5549-4CE3-B487-FEE5E989C922}.Debug|x64.ActiveCfg = Debug|Any CPU
		{13157E8A-5549-4CE3-B487-FEE5E989C922}.Debug|x64.Build.0 = Debug|Any CPU
		{13157E8A-5549-4CE3-B487-FEE5E989C922}.Release|Any CPU.ActiveCfg = Release|Any CPU
		{13157E8A-5549-4CE3-B487-FEE5E989C922}.Release|Any CPU.Build.0 = Release|Any CPU
		{13157E8A-5549-4CE3-B487-FEE5E989C922}.Release|x64.ActiveCfg = Release|Any CPU
		{13157E8A-5549-4CE3-B487-FEE5E989C922}.Release|x64.Build.0 = Release|Any CPU
		{13157E8A-5549-4CE3-B487-FEE5E989C922}.RemoteDebug|Any CPU.ActiveCfg = Debug|Any CPU
		{13157E8A-5549-4CE3-B487-FEE5E989C922}.RemoteDebug|Any CPU.Build.0 = Debug|Any CPU
		{13157E8A-5549-4CE3-B487-FEE5E989C922}.RemoteDebug|x64.ActiveCfg = Debug|Any CPU
		{13157E8A-5549-4CE3-B487-FEE5E989C922}.RemoteDebug|x64.Build.0 = Debug|Any CPU
		{43E86F8D-7C81-4ECE-B8F1-7AD4DD6CBF76}.Debug|Any CPU.ActiveCfg = Debug|Any CPU
		{43E86F8D-7C81-4ECE-B8F1-7AD4DD6CBF76}.Debug|Any CPU.Build.0 = Debug|Any CPU
		{43E86F8D-7C81-4ECE-B8F1-7AD4DD6CBF76}.Debug|x64.ActiveCfg = Debug|Any CPU
		{43E86F8D-7C81-4ECE-B8F1-7AD4DD6CBF76}.Debug|x64.Build.0 = Debug|Any CPU
		{43E86F8D-7C81-4ECE-B8F1-7AD4DD6CBF76}.Release|Any CPU.ActiveCfg = Release|Any CPU
		{43E86F8D-7C81-4ECE-B8F1-7AD4DD6CBF76}.Release|Any CPU.Build.0 = Release|Any CPU
		{43E86F8D-7C81-4ECE-B8F1-7AD4DD6CBF76}.Release|x64.ActiveCfg = Release|Any CPU
		{43E86F8D-7C81-4ECE-B8F1-7AD4DD6CBF76}.Release|x64.Build.0 = Release|Any CPU
		{43E86F8D-7C81-4ECE-B8F1-7AD4DD6CBF76}.RemoteDebug|Any CPU.ActiveCfg = RemoteDebug|Any CPU
		{43E86F8D-7C81-4ECE-B8F1-7AD4DD6CBF76}.RemoteDebug|Any CPU.Build.0 = RemoteDebug|Any CPU
		{43E86F8D-7C81-4ECE-B8F1-7AD4DD6CBF76}.RemoteDebug|x64.ActiveCfg = RemoteDebug|Any CPU
		{43E86F8D-7C81-4ECE-B8F1-7AD4DD6CBF76}.RemoteDebug|x64.Build.0 = RemoteDebug|Any CPU
	EndGlobalSection
	GlobalSection(SolutionProperties) = preSolution
		HideSolutionNode = FALSE
	EndGlobalSection
EndGlobal
